// !$*UTF8*$!
{
	archiveVersion = 1;
	classes = {
	};
	objectVersion = 50;
	objects = {

/* Begin PBXBuildFile section */
		98D920BB240E395D007CAFA4 /* AppDelegate.swift in Sources */ = {isa = PBXBuildFile; fileRef = 98D920BA240E395D007CAFA4 /* AppDelegate.swift */; };
		98D920BD240E395D007CAFA4 /* SceneDelegate.swift in Sources */ = {isa = PBXBuildFile; fileRef = 98D920BC240E395D007CAFA4 /* SceneDelegate.swift */; };
		98D920BF240E395D007CAFA4 /* ContentView.swift in Sources */ = {isa = PBXBuildFile; fileRef = 98D920BE240E395D007CAFA4 /* ContentView.swift */; };
		98D920C1240E395F007CAFA4 /* Assets.xcassets in Resources */ = {isa = PBXBuildFile; fileRef = 98D920C0240E395F007CAFA4 /* Assets.xcassets */; };
		98D920C4240E395F007CAFA4 /* Preview Assets.xcassets in Resources */ = {isa = PBXBuildFile; fileRef = 98D920C3240E395F007CAFA4 /* Preview Assets.xcassets */; };
		98D920C7240E395F007CAFA4 /* LaunchScreen.storyboard in Resources */ = {isa = PBXBuildFile; fileRef = 98D920C5240E395F007CAFA4 /* LaunchScreen.storyboard */; };
		98D920D2240E395F007CAFA4 /* SampleAppTests.swift in Sources */ = {isa = PBXBuildFile; fileRef = 98D920D1240E395F007CAFA4 /* SampleAppTests.swift */; };
		98D920DD240E395F007CAFA4 /* SampleAppUITests.swift in Sources */ = {isa = PBXBuildFile; fileRef = 98D920DC240E395F007CAFA4 /* SampleAppUITests.swift */; };
		98D920FF240E7087007CAFA4 /* SSMapView.swift in Sources */ = {isa = PBXBuildFile; fileRef = 98D920FE240E7087007CAFA4 /* SSMapView.swift */; };
		98D92107240E75E8007CAFA4 /* libSSBackgroundLocation.a in Frameworks */ = {isa = PBXBuildFile; fileRef = 98D92106240E75E8007CAFA4 /* libSSBackgroundLocation.a */; };
/* End PBXBuildFile section */

/* Begin PBXContainerItemProxy section */
		98D920CE240E395F007CAFA4 /* PBXContainerItemProxy */ = {
			isa = PBXContainerItemProxy;
			containerPortal = 98D920AF240E395D007CAFA4 /* Project object */;
			proxyType = 1;
			remoteGlobalIDString = 98D920B6240E395D007CAFA4;
			remoteInfo = SampleApp;
		};
		98D920D9240E395F007CAFA4 /* PBXContainerItemProxy */ = {
			isa = PBXContainerItemProxy;
			containerPortal = 98D920AF240E395D007CAFA4 /* Project object */;
			proxyType = 1;
			remoteGlobalIDString = 98D920B6240E395D007CAFA4;
			remoteInfo = SampleApp;
		};
/* End PBXContainerItemProxy section */

/* Begin PBXFileReference section */
		98D920B7240E395D007CAFA4 /* SampleApp.app */ = {isa = PBXFileReference; explicitFileType = wrapper.application; includeInIndex = 0; path = SampleApp.app; sourceTree = BUILT_PRODUCTS_DIR; };
		98D920BA240E395D007CAFA4 /* AppDelegate.swift */ = {isa = PBXFileReference; lastKnownFileType = sourcecode.swift; path = AppDelegate.swift; sourceTree = "<group>"; };
		98D920BC240E395D007CAFA4 /* SceneDelegate.swift */ = {isa = PBXFileReference; lastKnownFileType = sourcecode.swift; path = SceneDelegate.swift; sourceTree = "<group>"; };
		98D920BE240E395D007CAFA4 /* ContentView.swift */ = {isa = PBXFileReference; lastKnownFileType = sourcecode.swift; path = ContentView.swift; sourceTree = "<group>"; };
		98D920C0240E395F007CAFA4 /* Assets.xcassets */ = {isa = PBXFileReference; lastKnownFileType = folder.assetcatalog; path = Assets.xcassets; sourceTree = "<group>"; };
		98D920C3240E395F007CAFA4 /* Preview Assets.xcassets */ = {isa = PBXFileReference; lastKnownFileType = folder.assetcatalog; path = "Preview Assets.xcassets"; sourceTree = "<group>"; };
		98D920C6240E395F007CAFA4 /* Base */ = {isa = PBXFileReference; lastKnownFileType = file.storyboard; name = Base; path = Base.lproj/LaunchScreen.storyboard; sourceTree = "<group>"; };
		98D920C8240E395F007CAFA4 /* Info.plist */ = {isa = PBXFileReference; lastKnownFileType = text.plist.xml; path = Info.plist; sourceTree = "<group>"; };
		98D920CD240E395F007CAFA4 /* SampleAppTests.xctest */ = {isa = PBXFileReference; explicitFileType = wrapper.cfbundle; includeInIndex = 0; path = SampleAppTests.xctest; sourceTree = BUILT_PRODUCTS_DIR; };
		98D920D1240E395F007CAFA4 /* SampleAppTests.swift */ = {isa = PBXFileReference; lastKnownFileType = sourcecode.swift; path = SampleAppTests.swift; sourceTree = "<group>"; };
		98D920D3240E395F007CAFA4 /* Info.plist */ = {isa = PBXFileReference; lastKnownFileType = text.plist.xml; path = Info.plist; sourceTree = "<group>"; };
		98D920D8240E395F007CAFA4 /* SampleAppUITests.xctest */ = {isa = PBXFileReference; explicitFileType = wrapper.cfbundle; includeInIndex = 0; path = SampleAppUITests.xctest; sourceTree = BUILT_PRODUCTS_DIR; };
		98D920DC240E395F007CAFA4 /* SampleAppUITests.swift */ = {isa = PBXFileReference; lastKnownFileType = sourcecode.swift; path = SampleAppUITests.swift; sourceTree = "<group>"; };
		98D920DE240E395F007CAFA4 /* Info.plist */ = {isa = PBXFileReference; lastKnownFileType = text.plist.xml; path = Info.plist; sourceTree = "<group>"; };
		98D920EF240E3AD7007CAFA4 /* SampleApp-Bridging-Header.h */ = {isa = PBXFileReference; lastKnownFileType = sourcecode.c.h; path = "SampleApp-Bridging-Header.h"; sourceTree = "<group>"; };
		98D920FE240E7087007CAFA4 /* SSMapView.swift */ = {isa = PBXFileReference; fileEncoding = 4; lastKnownFileType = sourcecode.swift; path = SSMapView.swift; sourceTree = "<group>"; };
		98D92105240E75E8007CAFA4 /* SSBGLocationManager.h */ = {isa = PBXFileReference; fileEncoding = 4; lastKnownFileType = sourcecode.c.h; name = SSBGLocationManager.h; path = SSBackgroundLocation/SSBGLocationManager.h; sourceTree = SOURCE_ROOT; };
		98D92106240E75E8007CAFA4 /* libSSBackgroundLocation.a */ = {isa = PBXFileReference; lastKnownFileType = archive.ar; name = libSSBackgroundLocation.a; path = SSBackgroundLocation/libSSBackgroundLocation.a; sourceTree = SOURCE_ROOT; };
/* End PBXFileReference section */

/* Begin PBXFrameworksBuildPhase section */
		98D920B4240E395D007CAFA4 /* Frameworks */ = {
			isa = PBXFrameworksBuildPhase;
			buildActionMask = 2147483647;
			files = (
				98D92107240E75E8007CAFA4 /* libSSBackgroundLocation.a in Frameworks */,
			);
			runOnlyForDeploymentPostprocessing = 0;
		};
		98D920CA240E395F007CAFA4 /* Frameworks */ = {
			isa = PBXFrameworksBuildPhase;
			buildActionMask = 2147483647;
			files = (
			);
			runOnlyForDeploymentPostprocessing = 0;
		};
		98D920D5240E395F007CAFA4 /* Frameworks */ = {
			isa = PBXFrameworksBuildPhase;
			buildActionMask = 2147483647;
			files = (
			);
			runOnlyForDeploymentPostprocessing = 0;
		};
/* End PBXFrameworksBuildPhase section */

/* Begin PBXGroup section */
		98D920AE240E395D007CAFA4 = {
			isa = PBXGroup;
			children = (
				98D920B9240E395D007CAFA4 /* SampleApp */,
				98D920D0240E395F007CAFA4 /* SampleAppTests */,
				98D920DB240E395F007CAFA4 /* SampleAppUITests */,
				98D920B8240E395D007CAFA4 /* Products */,
				98D92103240E7309007CAFA4 /* Frameworks */,
			);
			sourceTree = "<group>";
		};
		98D920B8240E395D007CAFA4 /* Products */ = {
			isa = PBXGroup;
			children = (
				98D920B7240E395D007CAFA4 /* SampleApp.app */,
				98D920CD240E395F007CAFA4 /* SampleAppTests.xctest */,
				98D920D8240E395F007CAFA4 /* SampleAppUITests.xctest */,
			);
			name = Products;
			sourceTree = "<group>";
		};
		98D920B9240E395D007CAFA4 /* SampleApp */ = {
			isa = PBXGroup;
			children = (
				98D92106240E75E8007CAFA4 /* libSSBackgroundLocation.a */,
				98D92105240E75E8007CAFA4 /* SSBGLocationManager.h */,
				98D920BA240E395D007CAFA4 /* AppDelegate.swift */,
				98D920BC240E395D007CAFA4 /* SceneDelegate.swift */,
				98D920BE240E395D007CAFA4 /* ContentView.swift */,
				98D920FE240E7087007CAFA4 /* SSMapView.swift */,
				98D920C0240E395F007CAFA4 /* Assets.xcassets */,
				98D920C5240E395F007CAFA4 /* LaunchScreen.storyboard */,
				98D920C8240E395F007CAFA4 /* Info.plist */,
				98D920C2240E395F007CAFA4 /* Preview Content */,
				98D920EF240E3AD7007CAFA4 /* SampleApp-Bridging-Header.h */,
			);
			path = SampleApp;
			sourceTree = "<group>";
		};
		98D920C2240E395F007CAFA4 /* Preview Content */ = {
			isa = PBXGroup;
			children = (
				98D920C3240E395F007CAFA4 /* Preview Assets.xcassets */,
			);
			path = "Preview Content";
			sourceTree = "<group>";
		};
		98D920D0240E395F007CAFA4 /* SampleAppTests */ = {
			isa = PBXGroup;
			children = (
				98D920D1240E395F007CAFA4 /* SampleAppTests.swift */,
				98D920D3240E395F007CAFA4 /* Info.plist */,
			);
			path = SampleAppTests;
			sourceTree = "<group>";
		};
		98D920DB240E395F007CAFA4 /* SampleAppUITests */ = {
			isa = PBXGroup;
			children = (
				98D920DC240E395F007CAFA4 /* SampleAppUITests.swift */,
				98D920DE240E395F007CAFA4 /* Info.plist */,
			);
			path = SampleAppUITests;
			sourceTree = "<group>";
		};
		98D92103240E7309007CAFA4 /* Frameworks */ = {
			isa = PBXGroup;
			children = (
			);
			name = Frameworks;
			sourceTree = "<group>";
		};
/* End PBXGroup section */

/* Begin PBXNativeTarget section */
		98D920B6240E395D007CAFA4 /* SampleApp */ = {
			isa = PBXNativeTarget;
			buildConfigurationList = 98D920E1240E395F007CAFA4 /* Build configuration list for PBXNativeTarget "SampleApp" */;
			buildPhases = (
				98D920B3240E395D007CAFA4 /* Sources */,
				98D920B4240E395D007CAFA4 /* Frameworks */,
				98D920B5240E395D007CAFA4 /* Resources */,
			);
			buildRules = (
			);
			dependencies = (
			);
			name = SampleApp;
			productName = SampleApp;
			productReference = 98D920B7240E395D007CAFA4 /* SampleApp.app */;
			productType = "com.apple.product-type.application";
		};
		98D920CC240E395F007CAFA4 /* SampleAppTests */ = {
			isa = PBXNativeTarget;
			buildConfigurationList = 98D920E4240E395F007CAFA4 /* Build configuration list for PBXNativeTarget "SampleAppTests" */;
			buildPhases = (
				98D920C9240E395F007CAFA4 /* Sources */,
				98D920CA240E395F007CAFA4 /* Frameworks */,
				98D920CB240E395F007CAFA4 /* Resources */,
			);
			buildRules = (
			);
			dependencies = (
				98D920CF240E395F007CAFA4 /* PBXTargetDependency */,
			);
			name = SampleAppTests;
			productName = SampleAppTests;
			productReference = 98D920CD240E395F007CAFA4 /* SampleAppTests.xctest */;
			productType = "com.apple.product-type.bundle.unit-test";
		};
		98D920D7240E395F007CAFA4 /* SampleAppUITests */ = {
			isa = PBXNativeTarget;
			buildConfigurationList = 98D920E7240E395F007CAFA4 /* Build configuration list for PBXNativeTarget "SampleAppUITests" */;
			buildPhases = (
				98D920D4240E395F007CAFA4 /* Sources */,
				98D920D5240E395F007CAFA4 /* Frameworks */,
				98D920D6240E395F007CAFA4 /* Resources */,
			);
			buildRules = (
			);
			dependencies = (
				98D920DA240E395F007CAFA4 /* PBXTargetDependency */,
			);
			name = SampleAppUITests;
			productName = SampleAppUITests;
			productReference = 98D920D8240E395F007CAFA4 /* SampleAppUITests.xctest */;
			productType = "com.apple.product-type.bundle.ui-testing";
		};
/* End PBXNativeTarget section */

/* Begin PBXProject section */
		98D920AF240E395D007CAFA4 /* Project object */ = {
			isa = PBXProject;
			attributes = {
				LastSwiftUpdateCheck = 1130;
				LastUpgradeCheck = 1130;
				ORGANIZATIONNAME = "Shebin Koshy";
				TargetAttributes = {
					98D920B6240E395D007CAFA4 = {
						CreatedOnToolsVersion = 11.3.1;
						LastSwiftMigration = 1130;
					};
					98D920CC240E395F007CAFA4 = {
						CreatedOnToolsVersion = 11.3.1;
						TestTargetID = 98D920B6240E395D007CAFA4;
					};
					98D920D7240E395F007CAFA4 = {
						CreatedOnToolsVersion = 11.3.1;
						TestTargetID = 98D920B6240E395D007CAFA4;
					};
				};
			};
			buildConfigurationList = 98D920B2240E395D007CAFA4 /* Build configuration list for PBXProject "SampleApp" */;
			compatibilityVersion = "Xcode 9.3";
			developmentRegion = en;
			hasScannedForEncodings = 0;
			knownRegions = (
				en,
				Base,
			);
			mainGroup = 98D920AE240E395D007CAFA4;
			productRefGroup = 98D920B8240E395D007CAFA4 /* Products */;
			projectDirPath = "";
			projectRoot = "";
			targets = (
				98D920B6240E395D007CAFA4 /* SampleApp */,
				98D920CC240E395F007CAFA4 /* SampleAppTests */,
				98D920D7240E395F007CAFA4 /* SampleAppUITests */,
			);
		};
/* End PBXProject section */

/* Begin PBXResourcesBuildPhase section */
		98D920B5240E395D007CAFA4 /* Resources */ = {
			isa = PBXResourcesBuildPhase;
			buildActionMask = 2147483647;
			files = (
				98D920C7240E395F007CAFA4 /* LaunchScreen.storyboard in Resources */,
				98D920C4240E395F007CAFA4 /* Preview Assets.xcassets in Resources */,
				98D920C1240E395F007CAFA4 /* Assets.xcassets in Resources */,
			);
			runOnlyForDeploymentPostprocessing = 0;
		};
		98D920CB240E395F007CAFA4 /* Resources */ = {
			isa = PBXResourcesBuildPhase;
			buildActionMask = 2147483647;
			files = (
			);
			runOnlyForDeploymentPostprocessing = 0;
		};
		98D920D6240E395F007CAFA4 /* Resources */ = {
			isa = PBXResourcesBuildPhase;
			buildActionMask = 2147483647;
			files = (
			);
			runOnlyForDeploymentPostprocessing = 0;
		};
/* End PBXResourcesBuildPhase section */

/* Begin PBXSourcesBuildPhase section */
		98D920B3240E395D007CAFA4 /* Sources */ = {
			isa = PBXSourcesBuildPhase;
			buildActionMask = 2147483647;
			files = (
				98D920BB240E395D007CAFA4 /* AppDelegate.swift in Sources */,
				98D920FF240E7087007CAFA4 /* SSMapView.swift in Sources */,
				98D920BD240E395D007CAFA4 /* SceneDelegate.swift in Sources */,
				98D920BF240E395D007CAFA4 /* ContentView.swift in Sources */,
			);
			runOnlyForDeploymentPostprocessing = 0;
		};
		98D920C9240E395F007CAFA4 /* Sources */ = {
			isa = PBXSourcesBuildPhase;
			buildActionMask = 2147483647;
			files = (
				98D920D2240E395F007CAFA4 /* SampleAppTests.swift in Sources */,
			);
			runOnlyForDeploymentPostprocessing = 0;
		};
		98D920D4240E395F007CAFA4 /* Sources */ = {
			isa = PBXSourcesBuildPhase;
			buildActionMask = 2147483647;
			files = (
				98D920DD240E395F007CAFA4 /* SampleAppUITests.swift in Sources */,
			);
			runOnlyForDeploymentPostprocessing = 0;
		};
/* End PBXSourcesBuildPhase section */

/* Begin PBXTargetDependency section */
		98D920CF240E395F007CAFA4 /* PBXTargetDependency */ = {
			isa = PBXTargetDependency;
			target = 98D920B6240E395D007CAFA4 /* SampleApp */;
			targetProxy = 98D920CE240E395F007CAFA4 /* PBXContainerItemProxy */;
		};
		98D920DA240E395F007CAFA4 /* PBXTargetDependency */ = {
			isa = PBXTargetDependency;
			target = 98D920B6240E395D007CAFA4 /* SampleApp */;
			targetProxy = 98D920D9240E395F007CAFA4 /* PBXContainerItemProxy */;
		};
/* End PBXTargetDependency section */

/* Begin PBXVariantGroup section */
		98D920C5240E395F007CAFA4 /* LaunchScreen.storyboard */ = {
			isa = PBXVariantGroup;
			children = (
				98D920C6240E395F007CAFA4 /* Base */,
			);
			name = LaunchScreen.storyboard;
			sourceTree = "<group>";
		};
/* End PBXVariantGroup section */

/* Begin XCBuildConfiguration section */
		98D920DF240E395F007CAFA4 /* Debug */ = {
			isa = XCBuildConfiguration;
			buildSettings = {
				ALWAYS_SEARCH_USER_PATHS = NO;
				CLANG_ANALYZER_NONNULL = YES;
				CLANG_ANALYZER_NUMBER_OBJECT_CONVERSION = YES_AGGRESSIVE;
				CLANG_CXX_LANGUAGE_STANDARD = "gnu++14";
				CLANG_CXX_LIBRARY = "libc++";
				CLANG_ENABLE_MODULES = YES;
				CLANG_ENABLE_OBJC_ARC = YES;
				CLANG_ENABLE_OBJC_WEAK = YES;
				CLANG_WARN_BLOCK_CAPTURE_AUTORELEASING = YES;
				CLANG_WARN_BOOL_CONVERSION = YES;
				CLANG_WARN_COMMA = YES;
				CLANG_WARN_CONSTANT_CONVERSION = YES;
				CLANG_WARN_DEPRECATED_OBJC_IMPLEMENTATIONS = YES;
				CLANG_WARN_DIRECT_OBJC_ISA_USAGE = YES_ERROR;
				CLANG_WARN_DOCUMENTATION_COMMENTS = YES;
				CLANG_WARN_EMPTY_BODY = YES;
				CLANG_WARN_ENUM_CONVERSION = YES;
				CLANG_WARN_INFINITE_RECURSION = YES;
				CLANG_WARN_INT_CONVERSION = YES;
				CLANG_WARN_NON_LITERAL_NULL_CONVERSION = YES;
				CLANG_WARN_OBJC_IMPLICIT_RETAIN_SELF = YES;
				CLANG_WARN_OBJC_LITERAL_CONVERSION = YES;
				CLANG_WARN_OBJC_ROOT_CLASS = YES_ERROR;
				CLANG_WARN_RANGE_LOOP_ANALYSIS = YES;
				CLANG_WARN_STRICT_PROTOTYPES = YES;
				CLANG_WARN_SUSPICIOUS_MOVE = YES;
				CLANG_WARN_UNGUARDED_AVAILABILITY = YES_AGGRESSIVE;
				CLANG_WARN_UNREACHABLE_CODE = YES;
				CLANG_WARN__DUPLICATE_METHOD_MATCH = YES;
				COPY_PHASE_STRIP = NO;
				DEBUG_INFORMATION_FORMAT = dwarf;
				ENABLE_STRICT_OBJC_MSGSEND = YES;
				ENABLE_TESTABILITY = YES;
				GCC_C_LANGUAGE_STANDARD = gnu11;
				GCC_DYNAMIC_NO_PIC = NO;
				GCC_NO_COMMON_BLOCKS = YES;
				GCC_OPTIMIZATION_LEVEL = 0;
				GCC_PREPROCESSOR_DEFINITIONS = (
					"DEBUG=1",
					"$(inherited)",
				);
				GCC_WARN_64_TO_32_BIT_CONVERSION = YES;
				GCC_WARN_ABOUT_RETURN_TYPE = YES_ERROR;
				GCC_WARN_UNDECLARED_SELECTOR = YES;
				GCC_WARN_UNINITIALIZED_AUTOS = YES_AGGRESSIVE;
				GCC_WARN_UNUSED_FUNCTION = YES;
				GCC_WARN_UNUSED_VARIABLE = YES;
				HEADER_SEARCH_PATHS = $PROJECT_DIR/SSBackgroundLocation/SSBackgroundLocation;
				IPHONEOS_DEPLOYMENT_TARGET = 13.2;
				MTL_ENABLE_DEBUG_INFO = INCLUDE_SOURCE;
				MTL_FAST_MATH = YES;
				ONLY_ACTIVE_ARCH = YES;
				SDKROOT = iphoneos;
				SWIFT_ACTIVE_COMPILATION_CONDITIONS = DEBUG;
				SWIFT_OPTIMIZATION_LEVEL = "-Onone";
			};
			name = Debug;
		};
		98D920E0240E395F007CAFA4 /* Release */ = {
			isa = XCBuildConfiguration;
			buildSettings = {
				ALWAYS_SEARCH_USER_PATHS = NO;
				CLANG_ANALYZER_NONNULL = YES;
				CLANG_ANALYZER_NUMBER_OBJECT_CONVERSION = YES_AGGRESSIVE;
				CLANG_CXX_LANGUAGE_STANDARD = "gnu++14";
				CLANG_CXX_LIBRARY = "libc++";
				CLANG_ENABLE_MODULES = YES;
				CLANG_ENABLE_OBJC_ARC = YES;
				CLANG_ENABLE_OBJC_WEAK = YES;
				CLANG_WARN_BLOCK_CAPTURE_AUTORELEASING = YES;
				CLANG_WARN_BOOL_CONVERSION = YES;
				CLANG_WARN_COMMA = YES;
				CLANG_WARN_CONSTANT_CONVERSION = YES;
				CLANG_WARN_DEPRECATED_OBJC_IMPLEMENTATIONS = YES;
				CLANG_WARN_DIRECT_OBJC_ISA_USAGE = YES_ERROR;
				CLANG_WARN_DOCUMENTATION_COMMENTS = YES;
				CLANG_WARN_EMPTY_BODY = YES;
				CLANG_WARN_ENUM_CONVERSION = YES;
				CLANG_WARN_INFINITE_RECURSION = YES;
				CLANG_WARN_INT_CONVERSION = YES;
				CLANG_WARN_NON_LITERAL_NULL_CONVERSION = YES;
				CLANG_WARN_OBJC_IMPLICIT_RETAIN_SELF = YES;
				CLANG_WARN_OBJC_LITERAL_CONVERSION = YES;
				CLANG_WARN_OBJC_ROOT_CLASS = YES_ERROR;
				CLANG_WARN_RANGE_LOOP_ANALYSIS = YES;
				CLANG_WARN_STRICT_PROTOTYPES = YES;
				CLANG_WARN_SUSPICIOUS_MOVE = YES;
				CLANG_WARN_UNGUARDED_AVAILABILITY = YES_AGGRESSIVE;
				CLANG_WARN_UNREACHABLE_CODE = YES;
				CLANG_WARN__DUPLICATE_METHOD_MATCH = YES;
				COPY_PHASE_STRIP = NO;
				DEBUG_INFORMATION_FORMAT = "dwarf-with-dsym";
				ENABLE_NS_ASSERTIONS = NO;
				ENABLE_STRICT_OBJC_MSGSEND = YES;
				GCC_C_LANGUAGE_STANDARD = gnu11;
				GCC_NO_COMMON_BLOCKS = YES;
				GCC_WARN_64_TO_32_BIT_CONVERSION = YES;
				GCC_WARN_ABOUT_RETURN_TYPE = YES_ERROR;
				GCC_WARN_UNDECLARED_SELECTOR = YES;
				GCC_WARN_UNINITIALIZED_AUTOS = YES_AGGRESSIVE;
				GCC_WARN_UNUSED_FUNCTION = YES;
				GCC_WARN_UNUSED_VARIABLE = YES;
				HEADER_SEARCH_PATHS = $PROJECT_DIR/SSBackgroundLocation/SSBackgroundLocation;
				IPHONEOS_DEPLOYMENT_TARGET = 13.2;
				MTL_ENABLE_DEBUG_INFO = NO;
				MTL_FAST_MATH = YES;
				SDKROOT = iphoneos;
				SWIFT_COMPILATION_MODE = wholemodule;
				SWIFT_OPTIMIZATION_LEVEL = "-O";
				VALIDATE_PRODUCT = YES;
			};
			name = Release;
		};
		98D920E2240E395F007CAFA4 /* Debug */ = {
			isa = XCBuildConfiguration;
			buildSettings = {
				ASSETCATALOG_COMPILER_APPICON_NAME = AppIcon;
				CLANG_ENABLE_MODULES = YES;
				CODE_SIGN_STYLE = Automatic;
				DEVELOPMENT_ASSET_PATHS = "\"SampleApp/Preview Content\"";
				ENABLE_PREVIEWS = YES;
				HEADER_SEARCH_PATHS = $PROJECT_DIR/SSBackgroundLocation/SSBackgroundLocation;
				INFOPLIST_FILE = SampleApp/Info.plist;
				LD_RUNPATH_SEARCH_PATHS = (
					"$(inherited)",
					"@executable_path/Frameworks",
				);
				LIBRARY_SEARCH_PATHS = (
					"$(inherited)",
					"$(PROJECT_DIR)/SampleApp/Games",
					"$(PROJECT_DIR)/SampleApp",
					"$(PROJECT_DIR)/SSBackgroundLocation",
				);
				PRODUCT_BUNDLE_IDENTIFIER = com.shebin.SampleApp;
				PRODUCT_NAME = "$(TARGET_NAME)";
				SWIFT_OBJC_BRIDGING_HEADER = "SampleApp/SampleApp-Bridging-Header.h";
				SWIFT_OPTIMIZATION_LEVEL = "-Onone";
				SWIFT_VERSION = 5.0;
				TARGETED_DEVICE_FAMILY = "1,2";
			};
			name = Debug;
		};
		98D920E3240E395F007CAFA4 /* Release */ = {
			isa = XCBuildConfiguration;
			buildSettings = {
				ASSETCATALOG_COMPILER_APPICON_NAME = AppIcon;
				CLANG_ENABLE_MODULES = YES;
				CODE_SIGN_STYLE = Automatic;
				DEVELOPMENT_ASSET_PATHS = "\"SampleApp/Preview Content\"";
				ENABLE_PREVIEWS = YES;
				HEADER_SEARCH_PATHS = $PROJECT_DIR/SSBackgroundLocation/SSBackgroundLocation;
				INFOPLIST_FILE = SampleApp/Info.plist;
				LD_RUNPATH_SEARCH_PATHS = (
					"$(inherited)",
					"@executable_path/Frameworks",
				);
				LIBRARY_SEARCH_PATHS = (
					"$(inherited)",
					"$(PROJECT_DIR)/SampleApp/Games",
					"$(PROJECT_DIR)/SampleApp",
					"$(PROJECT_DIR)/SSBackgroundLocation",
				);
				PRODUCT_BUNDLE_IDENTIFIER = com.shebin.SampleApp;
				PRODUCT_NAME = "$(TARGET_NAME)";
				SWIFT_OBJC_BRIDGING_HEADER = "SampleApp/SampleApp-Bridging-Header.h";
				SWIFT_VERSION = 5.0;
				TARGETED_DEVICE_FAMILY = "1,2";
			};
			name = Release;
		};
		98D920E5240E395F007CAFA4 /* Debug */ = {
			isa = XCBuildConfiguration;
			buildSettings = {
				ALWAYS_EMBED_SWIFT_STANDARD_LIBRARIES = YES;
				BUNDLE_LOADER = "$(TEST_HOST)";
				CODE_SIGN_STYLE = Automatic;
				INFOPLIST_FILE = SampleAppTests/Info.plist;
				IPHONEOS_DEPLOYMENT_TARGET = 13.2;
				LD_RUNPATH_SEARCH_PATHS = (
					"$(inherited)",
					"@executable_path/Frameworks",
					"@loader_path/Frameworks",
				);
				PRODUCT_BUNDLE_IDENTIFIER = com.shebin.SampleAppTests;
				PRODUCT_NAME = "$(TARGET_NAME)";
				SWIFT_VERSION = 5.0;
				TARGETED_DEVICE_FAMILY = "1,2";
				TEST_HOST = "$(BUILT_PRODUCTS_DIR)/SampleApp.app/SampleApp";
			};
			name = Debug;
		};
		98D920E6240E395F007CAFA4 /* Release */ = {
			isa = XCBuildConfiguration;
			buildSettings = {
				ALWAYS_EMBED_SWIFT_STANDARD_LIBRARIES = YES;
				BUNDLE_LOADER = "$(TEST_HOST)";
				CODE_SIGN_STYLE = Automatic;
				INFOPLIST_FILE = SampleAppTests/Info.plist;
				IPHONEOS_DEPLOYMENT_TARGET = 13.2;
				LD_RUNPATH_SEARCH_PATHS = (
					"$(inherited)",
					"@executable_path/Frameworks",
					"@loader_path/Frameworks",
				);
				PRODUCT_BUNDLE_IDENTIFIER = com.shebin.SampleAppTests;
				PRODUCT_NAME = "$(TARGET_NAME)";
				SWIFT_VERSION = 5.0;
				TARGETED_DEVICE_FAMILY = "1,2";
				TEST_HOST = "$(BUILT_PRODUCTS_DIR)/SampleApp.app/SampleApp";
			};
			name = Release;
		};
		98D920E8240E395F007CAFA4 /* Debug */ = {
			isa = XCBuildConfiguration;
			buildSettings = {
				ALWAYS_EMBED_SWIFT_STANDARD_LIBRARIES = YES;
				CODE_SIGN_STYLE = Automatic;
				INFOPLIST_FILE = SampleAppUITests/Info.plist;
				LD_RUNPATH_SEARCH_PATHS = (
					"$(inherited)",
					"@executable_path/Frameworks",
					"@loader_path/Frameworks",
				);
				PRODUCT_BUNDLE_IDENTIFIER = com.shebin.SampleAppUITests;
				PRODUCT_NAME = "$(TARGET_NAME)";
				SWIFT_VERSION = 5.0;
				TARGETED_DEVICE_FAMILY = "1,2";
				TEST_TARGET_NAME = SampleApp;
			};
			name = Debug;
		};
		98D920E9240E395F007CAFA4 /* Release */ = {
			isa = XCBuildConfiguration;
			buildSettings = {
				ALWAYS_EMBED_SWIFT_STANDARD_LIBRARIES = YES;
				CODE_SIGN_STYLE = Automatic;
				INFOPLIST_FILE = SampleAppUITests/Info.plist;
				LD_RUNPATH_SEARCH_PATHS = (
					"$(inherited)",
					"@executable_path/Frameworks",
					"@loader_path/Frameworks",
				);
				PRODUCT_BUNDLE_IDENTIFIER = com.shebin.SampleAppUITests;
				PRODUCT_NAME = "$(TARGET_NAME)";
				SWIFT_VERSION = 5.0;
				TARGETED_DEVICE_FAMILY = "1,2";
				TEST_TARGET_NAME = SampleApp;
			};
			name = Release;
		};
/* End XCBuildConfiguration section */

/* Begin XCConfigurationList section */
		98D920B2240E395D007CAFA4 /* Build configuration list for PBXProject "SampleApp" */ = {
			isa = XCConfigurationList;
			buildConfigurations = (
				98D920DF240E395F007CAFA4 /* Debug */,
				98D920E0240E395F007CAFA4 /* Release */,
			);
			defaultConfigurationIsVisible = 0;
			defaultConfigurationName = Release;
		};
		98D920E1240E395F007CAFA4 /* Build configuration list for PBXNativeTarget "SampleApp" */ = {
			isa = XCConfigurationList;
			buildConfigurations = (
				98D920E2240E395F007CAFA4 /* Debug */,
				98D920E3240E395F007CAFA4 /* Release */,
			);
			defaultConfigurationIsVisible = 0;
			defaultConfigurationName = Release;
		};
		98D920E4240E395F007CAFA4 /* Build configuration list for PBXNativeTarget "SampleAppTests" */ = {
			isa = XCConfigurationList;
			buildConfigurations = (
				98D920E5240E395F007CAFA4 /* Debug */,
				98D920E6240E395F007CAFA4 /* Release */,
			);
			defaultConfigurationIsVisible = 0;
			defaultConfigurationName = Release;
		};
		98D920E7240E395F007CAFA4 /* Build configuration list for PBXNativeTarget "SampleAppUITests" */ = {
			isa = XCConfigurationList;
			buildConfigurations = (
				98D920E8240E395F007CAFA4 /* Debug */,
				98D920E9240E395F007CAFA4 /* Release */,
			);
			defaultConfigurationIsVisible = 0;
			defaultConfigurationName = Release;
		};
/* End XCConfigurationList section */
	};
	rootObject = 98D920AF240E395D007CAFA4 /* Project object */;
}
